
Microsoft Visual Studio Solution File, Format Version 12.00
# Visual Studio Version 16
VisualStudioVersion = 16.0.29709.97
MinimumVisualStudioVersion = 10.0.40219.1
Project("{FAE04EC0-301F-11D3-BF4B-00C04F79EFBC}") = "CoreApplication.For.AzurePipeline", "CoreApplication.For.AzurePipeline.csproj", "{D46DD328-0734-449F-AE46-7E8AEDA547BD}"
EndProject
Global
	GlobalSection(SolutionConfigurationPlatforms) = preSolution
		Debug|Any CPU = Debug|Any CPU
		Release|Any CPU = Release|Any CPU
	EndGlobalSection
	GlobalSection(ProjectConfigurationPlatforms) = postSolution
		{D46DD328-0734-449F-AE46-7E8AEDA547BD}.Debug|Any CPU.ActiveCfg = Debug|Any CPU
		{D46DD328-0734-449F-AE46-7E8AEDA547BD}.Debug|Any CPU.Build.0 = Debug|Any CPU
		{D46DD328-0734-449F-AE46-7E8AEDA547BD}.Release|Any CPU.ActiveCfg = Release|Any CPU
		{D46DD328-0734-449F-AE46-7E8AEDA547BD}.Release|Any CPU.Build.0 = Release|Any CPU
	EndGlobalSection
	GlobalSection(SolutionProperties) = preSolution
		HideSolutionNode = FALSE
	EndGlobalSection
	GlobalSection(ExtensibilityGlobals) = postSolution
		SolutionGuid = {9C79C11B-3AB1-46E1-9104-BA7839C5AC37}
	EndGlobalSection
EndGlobal
